
Microsoft Visual Studio Solution File, Format Version 12.00
# Visual Studio Version 17
VisualStudioVersion = 17.1.32421.90
MinimumVisualStudioVersion = 10.0.40219.1
Project("{FAE04EC0-301F-11D3-BF4B-00C04F79EFBC}") = "Demo.PL", "Demo.PL\Demo.PL.csproj", "{C398608A-2872-4E35-8B86-27A6738FBC7B}"
EndProject
Project("{FAE04EC0-301F-11D3-BF4B-00C04F79EFBC}") = "Demo.DAL", "Demo.DAL\Demo.DAL.csproj", "{F2E917DA-D084-4321-AAB0-049CCDA06251}"
EndProject
Project("{FAE04EC0-301F-11D3-BF4B-00C04F79EFBC}") = "Demo.BLL", "Demo.BLL\Demo.BLL.csproj", "{B7039FA3-4FE7-4375-BF57-22B15A6FF5A5}"
EndProject
Global
	GlobalSection(SolutionConfigurationPlatforms) = preSolution
		Debug|Any CPU = Debug|Any CPU
		Release|Any CPU = Release|Any CPU
	EndGlobalSection
	GlobalSection(ProjectConfigurationPlatforms) = postSolution
		{C398608A-2872-4E35-8B86-27A6738FBC7B}.Debug|Any CPU.ActiveCfg = Debug|Any CPU
		{C398608A-2872-4E35-8B86-27A6738FBC7B}.Debug|Any CPU.Build.0 = Debug|Any CPU
		{C398608A-2872-4E35-8B86-27A6738FBC7B}.Release|Any CPU.ActiveCfg = Release|Any CPU
		{C398608A-2872-4E35-8B86-27A6738FBC7B}.Release|Any CPU.Build.0 = Release|Any CPU
		{F2E917DA-D084-4321-AAB0-049CCDA06251}.Debug|Any CPU.ActiveCfg = Debug|Any CPU
		{F2E917DA-D084-4321-AAB0-049CCDA06251}.Debug|Any CPU.Build.0 = Debug|Any CPU
		{F2E917DA-D084-4321-AAB0-049CCDA06251}.Release|Any CPU.ActiveCfg = Release|Any CPU
		{F2E917DA-D084-4321-AAB0-049CCDA06251}.Release|Any CPU.Build.0 = Release|Any CPU
		{B7039FA3-4FE7-4375-BF57-22B15A6FF5A5}.Debug|Any CPU.ActiveCfg = Debug|Any CPU
		{B7039FA3-4FE7-4375-BF57-22B15A6FF5A5}.Debug|Any CPU.Build.0 = Debug|Any CPU
		{B7039FA3-4FE7-4375-BF57-22B15A6FF5A5}.Release|Any CPU.ActiveCfg = Release|Any CPU
		{B7039FA3-4FE7-4375-BF57-22B15A6FF5A5}.Release|Any CPU.Build.0 = Release|Any CPU
	EndGlobalSection
	GlobalSection(SolutionProperties) = preSolution
		HideSolutionNode = FALSE
	EndGlobalSection
	GlobalSection(ExtensibilityGlobals) = postSolution
		SolutionGuid = {BCD04EED-8A93-4153-97F4-4346F84BE2D5}
	EndGlobalSection
EndGlobal
